
Microsoft Visual Studio Solution File, Format Version 12.00
# Visual Studio 2012
Project("{FAE04EC0-301F-11D3-BF4B-00C04F79EFBC}") = "Prime", "Prime\Prime.csproj", "{75BB065D-D8E4-44DA-85D7-ADD1F4C50F1F}"
EndProject
Global
	GlobalSection(SolutionConfigurationPlatforms) = preSolution
		Debug|Any CPU = Debug|Any CPU
		Release|Any CPU = Release|Any CPU
	EndGlobalSection
	GlobalSection(ProjectConfigurationPlatforms) = postSolution
		{75BB065D-D8E4-44DA-85D7-ADD1F4C50F1F}.Debug|Any CPU.ActiveCfg = Debug|Any CPU
		{75BB065D-D8E4-44DA-85D7-ADD1F4C50F1F}.Debug|Any CPU.Build.0 = Debug|Any CPU
		{75BB065D-D8E4-44DA-85D7-ADD1F4C50F1F}.Release|Any CPU.ActiveCfg = Release|Any CPU
		{75BB065D-D8E4-44DA-85D7-ADD1F4C50F1F}.Release|Any CPU.Build.0 = Release|Any CPU
	EndGlobalSection
EndGlobal
